
Microsoft Visual Studio Solution File, Format Version 12.00
# Visual Studio Version 17
VisualStudioVersion = 17.8.34525.116
MinimumVisualStudioVersion = 10.0.40219.1
Project("{FAE04EC0-301F-11D3-BF4B-00C04F79EFBC}") = "SistemAcademico", "SistemAcademico\SistemAcademico.csproj", "{92129886-2731-407B-B0DA-AE86AB50EB65}"
EndProject
Global
	GlobalSection(SolutionConfigurationPlatforms) = preSolution
		Debug|Any CPU = Debug|Any CPU
		Release|Any CPU = Release|Any CPU
	EndGlobalSection
	GlobalSection(ProjectConfigurationPlatforms) = postSolution
		{92129886-2731-407B-B0DA-AE86AB50EB65}.Debug|Any CPU.ActiveCfg = Debug|Any CPU
		{92129886-2731-407B-B0DA-AE86AB50EB65}.Debug|Any CPU.Build.0 = Debug|Any CPU
		{92129886-2731-407B-B0DA-AE86AB50EB65}.Release|Any CPU.ActiveCfg = Release|Any CPU
		{92129886-2731-407B-B0DA-AE86AB50EB65}.Release|Any CPU.Build.0 = Release|Any CPU
	EndGlobalSection
	GlobalSection(SolutionProperties) = preSolution
		HideSolutionNode = FALSE
	EndGlobalSection
	GlobalSection(ExtensibilityGlobals) = postSolution
		SolutionGuid = {14F715A3-2030-4C95-B66D-46D4EF5472DE}
	EndGlobalSection
EndGlobal
